
Microsoft Visual Studio Solution File, Format Version 12.00
# Visual Studio Version 17
VisualStudioVersion = 17.5.33516.290
MinimumVisualStudioVersion = 10.0.40219.1
Project("{FAE04EC0-301F-11D3-BF4B-00C04F79EFBC}") = "teste-react-api", "teste-react-api\teste-react-api.csproj", "{C46A11B7-D636-4D85-B6FA-930E29C1F7F6}"
EndProject
Global
	GlobalSection(SolutionConfigurationPlatforms) = preSolution
		Debug|Any CPU = Debug|Any CPU
		Release|Any CPU = Release|Any CPU
	EndGlobalSection
	GlobalSection(ProjectConfigurationPlatforms) = postSolution
		{C46A11B7-D636-4D85-B6FA-930E29C1F7F6}.Debug|Any CPU.ActiveCfg = Debug|Any CPU
		{C46A11B7-D636-4D85-B6FA-930E29C1F7F6}.Debug|Any CPU.Build.0 = Debug|Any CPU
		{C46A11B7-D636-4D85-B6FA-930E29C1F7F6}.Release|Any CPU.ActiveCfg = Release|Any CPU
		{C46A11B7-D636-4D85-B6FA-930E29C1F7F6}.Release|Any CPU.Build.0 = Release|Any CPU
	EndGlobalSection
	GlobalSection(SolutionProperties) = preSolution
		HideSolutionNode = FALSE
	EndGlobalSection
	GlobalSection(ExtensibilityGlobals) = postSolution
		SolutionGuid = {A072EA83-307D-4D01-864E-16A75AE3A13D}
	EndGlobalSection
EndGlobal
